
Microsoft Visual Studio Solution File, Format Version 12.00
# Visual Studio Version 17
VisualStudioVersion = 17.0.32126.317
MinimumVisualStudioVersion = 10.0.40219.1
Project("{9A19103F-16F7-4668-BE54-9A1E7A4F7556}") = "HANAtoPostgreSyncApp", "HANAtoPostgreSyncApp\HANAtoPostgreSyncApp.csproj", "{B70A261E-D4F4-479A-9AF2-A85B34A9158D}"
EndProject
Global
	GlobalSection(SolutionConfigurationPlatforms) = preSolution
		Debug|Any CPU = Debug|Any CPU
		Release|Any CPU = Release|Any CPU
	EndGlobalSection
	GlobalSection(ProjectConfigurationPlatforms) = postSolution
		{B70A261E-D4F4-479A-9AF2-A85B34A9158D}.Debug|Any CPU.ActiveCfg = Debug|Any CPU
		{B70A261E-D4F4-479A-9AF2-A85B34A9158D}.Debug|Any CPU.Build.0 = Debug|Any CPU
		{B70A261E-D4F4-479A-9AF2-A85B34A9158D}.Release|Any CPU.ActiveCfg = Release|Any CPU
		{B70A261E-D4F4-479A-9AF2-A85B34A9158D}.Release|Any CPU.Build.0 = Release|Any CPU
	EndGlobalSection
	GlobalSection(SolutionProperties) = preSolution
		HideSolutionNode = FALSE
	EndGlobalSection
	GlobalSection(ExtensibilityGlobals) = postSolution
		SolutionGuid = {9FEC7CB9-DA69-4422-A63D-582DC6D41DE5}
	EndGlobalSection
EndGlobal
